
Microsoft Visual Studio Solution File, Format Version 12.00
# Visual Studio 14
VisualStudioVersion = 14.0.22823.1
MinimumVisualStudioVersion = 10.0.40219.1
Project("{FAE04EC0-301F-11D3-BF4B-00C04F79EFBC}") = "InspectorTest", "InspectorTest\InspectorTest.csproj", "{CC288681-10E9-4CC2-AA4A-E7430AC4C544}"
EndProject
Global
	GlobalSection(SolutionConfigurationPlatforms) = preSolution
		Debug|Any CPU = Debug|Any CPU
		Release|Any CPU = Release|Any CPU
	EndGlobalSection
	GlobalSection(ProjectConfigurationPlatforms) = postSolution
		{CC288681-10E9-4CC2-AA4A-E7430AC4C544}.Debug|Any CPU.ActiveCfg = Debug|Any CPU
		{CC288681-10E9-4CC2-AA4A-E7430AC4C544}.Debug|Any CPU.Build.0 = Debug|Any CPU
		{CC288681-10E9-4CC2-AA4A-E7430AC4C544}.Release|Any CPU.ActiveCfg = Release|Any CPU
		{CC288681-10E9-4CC2-AA4A-E7430AC4C544}.Release|Any CPU.Build.0 = Release|Any CPU
	EndGlobalSection
	GlobalSection(SolutionProperties) = preSolution
		HideSolutionNode = FALSE
	EndGlobalSection
EndGlobal
